{
  "name": "공부",
  "lockfileVersion": 3,
  "requires": true,
  "packages": {
    "": {
      "dependencies": {
        "pepe-party": "^1.0.7"
      }
    },
    "node_modules/chalk": {
      "version": "5.2.0",
      "resolved": "https://registry.npmjs.org/chalk/-/chalk-5.2.0.tgz",
      "integrity": "sha512-ree3Gqw/nazQAPuJJEy+avdl7QfZMcUvmHIKgEZkGL+xOBzRvup5Hxo6LHuMceSxOabuJLJm5Yp/92R9eMmMvA==",
      "engines": {
        "node": "^12.17.0 || ^14.13 || >=16.0.0"
      },
      "funding": {
        "url": "https://github.com/chalk/chalk?sponsor=1"
      }
    },
    "node_modules/pepe-party": {
      "version": "1.0.7",
      "resolved": "https://registry.npmjs.org/pepe-party/-/pepe-party-1.0.7.tgz",
      "integrity": "sha512-GNLE59DXRVFGIouz0JbMNaK7+lH731K5byIhsjvQ9NcPJGs5y/cX5+8rEAkiqi56uFONZ34z+P3B1QYRuJwOOw==",
      "dependencies": {
        "chalk": "^5.1.2"
      },
      "bin": {
        "pepe-party": "dist/main.js"
      }
    }
  }
}
